
Microsoft Visual Studio Solution File, Format Version 12.00
# Visual Studio Version 16
VisualStudioVersion = 16.0.29806.167
MinimumVisualStudioVersion = 10.0.40219.1
Project("{FAE04EC0-301F-11D3-BF4B-00C04F79EFBC}") = "Hello World", "Hello World\Hello World.csproj", "{D1B5BC45-FA9A-4BAD-95A0-129378AEEE02}"
EndProject
Global
	GlobalSection(SolutionConfigurationPlatforms) = preSolution
		Debug|Any CPU = Debug|Any CPU
		Release|Any CPU = Release|Any CPU
	EndGlobalSection
	GlobalSection(ProjectConfigurationPlatforms) = postSolution
		{D1B5BC45-FA9A-4BAD-95A0-129378AEEE02}.Debug|Any CPU.ActiveCfg = Debug|Any CPU
		{D1B5BC45-FA9A-4BAD-95A0-129378AEEE02}.Debug|Any CPU.Build.0 = Debug|Any CPU
		{D1B5BC45-FA9A-4BAD-95A0-129378AEEE02}.Release|Any CPU.ActiveCfg = Release|Any CPU
		{D1B5BC45-FA9A-4BAD-95A0-129378AEEE02}.Release|Any CPU.Build.0 = Release|Any CPU
	EndGlobalSection
	GlobalSection(SolutionProperties) = preSolution
		HideSolutionNode = FALSE
	EndGlobalSection
	GlobalSection(ExtensibilityGlobals) = postSolution
		SolutionGuid = {A703A875-3536-4EB4-A017-A438083DFE52}
	EndGlobalSection
EndGlobal
